FORGE
  remote: https://forgeapi.puppetlabs.com/
  specs:
    attachmentgenie-ssh (1.3.2)
      puppetlabs-stdlib (>= 2.2.1)
    nanliu-staging (1.0.3)
    puppetlabs-apache (1.4.1)
      puppetlabs-concat (< 2.0.0, >= 1.1.1)
      puppetlabs-stdlib (< 5.0.0, >= 2.4.0)
    puppetlabs-concat (1.2.1)
      puppetlabs-stdlib (< 5.0.0, >= 3.2.0)
    puppetlabs-git (0.2.0)
      puppetlabs-vcsrepo (>= 0.1.0)
    puppetlabs-mysql (3.3.0)
      nanliu-staging (~> 1.0)
      puppetlabs-stdlib (< 5.0.0, >= 3.2.0)
    puppetlabs-stdlib (4.3.2)
    puppetlabs-vcsrepo (1.1.0)
    rjw1-nano (0.0.1)
    saz-sudo (3.0.6)
      puppetlabs-stdlib (>= 2.3.0)
    saz-timezone (3.0.1)
      puppetlabs-stdlib (>= 2.3.0)
    saz-vim (2.1.0)

GIT
  remote: git://github.com/rjw1/attachmentgenie-ufw.git
  ref: ada681d
  sha: ada681db8ba3d119f53dbe0e5c63f70ae1c6a543
  specs:
    rjw1-ufw (1.4.9)
      puppetlabs-stdlib (>= 2.2.1)

GIT
  remote: git://github.com/rjw1/puppet-bobs_config.git
  ref: master
  sha: 5b7accbe997fa30a285bac1acdcfe0314e8e7175
  specs:
    rjw1-bobs_config (0.0.1)

GIT
  remote: git://github.com/rjw1/puppet-perl_local_lib.git
  ref: master
  sha: 2c5feca6aec34c5f09fc8d78a8917236ba74545d
  specs:
    rjw1-perl_local_lib (0.0.1)

GIT
  remote: git://github.com/torrancew/puppet-account
  ref: 1491bd378ac0ac7ae22cd4bd8c29bb19f54d2f16
  sha: 1491bd378ac0ac7ae22cd4bd8c29bb19f54d2f16
  specs:
    torrancew-account (0.0.5)

GIT
  remote: git://github.com/torrancew/puppet-cpanm.git
  ref: master
  sha: ffb0d139d6ada9ec0c683f534984fd187caa3844
  specs:
    torrance-cpanm (0.0.1)

DEPENDENCIES
  attachmentgenie-ssh (>= 0)
  puppetlabs-apache (>= 0)
  puppetlabs-git (>= 0)
  puppetlabs-mysql (>= 0)
  puppetlabs-stdlib (~> 4.0)
  rjw1-bobs_config (>= 0)
  rjw1-nano (>= 0)
  rjw1-perl_local_lib (>= 0)
  rjw1-ufw (>= 0)
  saz-sudo (>= 0)
  saz-timezone (>= 0)
  saz-vim (>= 0)
  torrance-cpanm (>= 0)
  torrancew-account (>= 0)

