FORGE
  remote: http://forge.puppetlabs.com/
  specs:
    attachmentgenie/ssh (1.2.1)
      puppetlabs/stdlib (>= 2.2.1)
    attachmentgenie/ufw (1.2.0)
      puppetlabs/stdlib (>= 2.2.1)
    puppetlabs/git (0.0.3)
    puppetlabs/stdlib (4.1.0)
    saz/sudo (2.2.0)
    saz/timezone (1.1.0)
    saz/vim (2.0.1)
    torrancew/account (0.0.5)

GIT
  remote: git://github.com/rjw1/puppet-bobs_config.git
  ref: master
  sha: 5b7accbe997fa30a285bac1acdcfe0314e8e7175
  specs:
    bobs_config (0.0.1)

GIT
  remote: git://github.com/rjw1/puppet-nano.git
  ref: master
  sha: 20eb3fc842709740601a63d179f425d40e279b0a
  specs:
    nano (0.0.1)

GIT
  remote: git://github.com/rjw1/puppet-perl_local_lib.git
  ref: master
  sha: 2c5feca6aec34c5f09fc8d78a8917236ba74545d
  specs:
    perl_local_lib (0.0.1)

GIT
  remote: git://github.com/torrancew/puppet-cpanm.git
  ref: master
  sha: ffb0d139d6ada9ec0c683f534984fd187caa3844
  specs:
    cpanm (0.0.1)

DEPENDENCIES
  attachmentgenie/ssh (>= 0)
  attachmentgenie/ufw (>= 0)
  bobs_config (>= 0)
  cpanm (>= 0)
  nano (>= 0)
  perl_local_lib (>= 0)
  puppetlabs/git (>= 0)
  puppetlabs/stdlib (~> 4.0)
  saz/sudo (>= 0)
  saz/timezone (>= 0)
  saz/vim (>= 0)
  torrancew/account (>= 0)

