FORGE
  remote: https://forgeapi.puppetlabs.com/
  specs:
    nextrevision-automysqlbackup (0.2.4)
      puppetlabs-stdlib (>= 3.0.0)
    puppetlabs-apache (4.0.0)
      puppetlabs-concat (< 6.0.0, >= 2.2.1)
      puppetlabs-stdlib (< 6.0.0, >= 4.13.1)
    puppetlabs-concat (5.2.0)
      puppetlabs-stdlib (< 6.0.0, >= 4.13.1)
      puppetlabs-translate (< 2.0.0, >= 1.0.0)
    puppetlabs-accounts (8.2.1)
      puppetlabs-stdlib (>= 5.0.0, < 10.0.0)
    puppetlabs-git (0.5.0)
      puppetlabs-stdlib (>= 3.2.0)
    puppetlabs-mysql (8.0.0)
      puppetlabs-stdlib (< 6.0.0, >= 3.2.0)
      puppetlabs-translate (< 2.0.0, >= 1.0.0)
    puppetlabs-stdlib (4.25.1)
    puppetlabs-translate (1.2.0)
    rjw1-nano (0.0.1)

GIT
  remote: https://github.com/rjw1/attachmentgenie-ufw.git
  ref: ada681d
  sha: ada681db8ba3d119f53dbe0e5c63f70ae1c6a543
  specs:
    rjw1-ufw (1.4.9)
      puppetlabs-stdlib (>= 2.2.1)

GIT
  remote: https://github.com/rjw1/puppet-bobs_config.git
  ref: master
  sha: 3493129797e9b6dbf5dec18221a4dde2e5dac9a2
  specs:
    rjw1-bobs_config (0.0.1)

GIT
  remote: https://github.com/rjw1/puppet-perl_local_lib.git
  ref: master
  sha: d67bac582d2287eb3153e61c7cae8b95e70ee357
  specs:
    rjw1-perl_local_lib (0.0.1)

GIT
  remote: https://github.com/torrancew/puppet-cpanm.git
  ref: master
  sha: ffb0d139d6ada9ec0c683f534984fd187caa3844
  specs:
    torrance-cpanm (0.0.1)

DEPENDENCIES
  nextrevision-automysqlbackup (>= 0)
  puppetlabs-accounts (= 8.2.1)
  puppetlabs-apache (>= 0)
  puppetlabs-git (>= 0)
  puppetlabs-mysql (>= 0)
  rjw1-bobs_config (>= 0)
  rjw1-nano (>= 0)
  rjw1-perl_local_lib (>= 0)
  rjw1-ufw (>= 0)
  saz-vim (>= 0)
  torrance-cpanm (>= 0)

